
Microsoft Visual Studio Solution File, Format Version 12.00
# Visual Studio 15
VisualStudioVersion = 15.0.28307.271
MinimumVisualStudioVersion = 10.0.40219.1
Project("{FAE04EC0-301F-11D3-BF4B-00C04F79EFBC}") = "ConsoleApp4", "ConsoleApp4\ConsoleApp4.csproj", "{4BC07B2A-BCC3-4760-AC80-EA953E773825}"
EndProject
Global
	GlobalSection(SolutionConfigurationPlatforms) = preSolution
		Debug|Any CPU = Debug|Any CPU
		Release|Any CPU = Release|Any CPU
	EndGlobalSection
	GlobalSection(ProjectConfigurationPlatforms) = postSolution
		{4BC07B2A-BCC3-4760-AC80-EA953E773825}.Debug|Any CPU.ActiveCfg = Debug|Any CPU
		{4BC07B2A-BCC3-4760-AC80-EA953E773825}.Debug|Any CPU.Build.0 = Debug|Any CPU
		{4BC07B2A-BCC3-4760-AC80-EA953E773825}.Release|Any CPU.ActiveCfg = Release|Any CPU
		{4BC07B2A-BCC3-4760-AC80-EA953E773825}.Release|Any CPU.Build.0 = Release|Any CPU
	EndGlobalSection
	GlobalSection(SolutionProperties) = preSolution
		HideSolutionNode = FALSE
	EndGlobalSection
	GlobalSection(ExtensibilityGlobals) = postSolution
		SolutionGuid = {26F1A8DD-1B82-42BD-980A-592534C06B62}
	EndGlobalSection
EndGlobal
